{
  "lockfileVersion": 1,
  "workspaces": {
    "": {
      "devDependencies": {
        "@types/chokidar": "^2.1.7",
        "@types/node": "^24.0.14",
      },
    },
  },
  "overrides": {
    "@types/minimatch": "5.1.2",
  },
  "packages": {
    "@types/chokidar": ["@types/chokidar@2.1.7", "", { "dependencies": { "chokidar": "*" } }, "sha512-A7/MFHf6KF7peCzjEC1BBTF8jpmZTokb3vr/A0NxRGfwRLK3Ws+Hq6ugVn6cJIMfM6wkCak/aplWrxbTcu8oig=="],

    "@types/node": ["@types/node@24.0.14", "", { "dependencies": { "undici-types": "~7.8.0" } }, "sha512-4zXMWD91vBLGRtHK3YbIoFMia+1nqEz72coM42C5ETjnNCa/heoj7NT1G67iAfOqMmcfhuCZ4uNpyz8EjlAejw=="],

    "chokidar": ["chokidar@4.0.3", "", { "dependencies": { "readdirp": "^4.0.1" } }, "sha512-Qgzu8kfBvo+cA4962jnP1KkS6Dop5NS6g7R5LFYJr4b8Ub94PPQXUksCw9PvXoeXPRRddRNC5C1JQUR2SMGtnA=="],

    "readdirp": ["readdirp@4.1.2", "", {}, "sha512-GDhwkLfywWL2s6vEjyhri+eXmfH6j1L7JE27WhqLeYzoh/A3DBaYGEj2H/HFZCn/kMfim73FXxEJTw06WtxQwg=="],

    "undici-types": ["undici-types@7.8.0", "", {}, "sha512-9UJ2xGDvQ43tYyVMpuHlsgApydB8ZKfVYTsLDhXkFL/6gfkp+U8xTGdh8pMJv1SpZna0zxG1DwsKZsreLbXBxw=="],
  }
}
